// !$*UTF8*$!
{
	archiveVersion = 1;
	classes = {
	};
	objectVersion = 56;
	objects = {

/* Begin PBXBuildFile section */
		6947E53929891C00009294D3 /* PassArrayvalueBySheetApp.swift in Sources */ = {isa = PBXBuildFile; fileRef = 6947E53829891C00009294D3 /* PassArrayvalueBySheetApp.swift */; };
		6947E53B29891C00009294D3 /* ContentView.swift in Sources */ = {isa = PBXBuildFile; fileRef = 6947E53A29891C00009294D3 /* ContentView.swift */; };
		6947E53D29891C03009294D3 /* Assets.xcassets in Resources */ = {isa = PBXBuildFile; fileRef = 6947E53C29891C03009294D3 /* Assets.xcassets */; };
		6947E54029891C03009294D3 /* Preview Assets.xcassets in Resources */ = {isa = PBXBuildFile; fileRef = 6947E53F29891C03009294D3 /* Preview Assets.xcassets */; };
		6947E54A29891C03009294D3 /* PassArrayvalueBySheetTests.swift in Sources */ = {isa = PBXBuildFile; fileRef = 6947E54929891C03009294D3 /* PassArrayvalueBySheetTests.swift */; };
		6947E55429891C03009294D3 /* PassArrayvalueBySheetUITests.swift in Sources */ = {isa = PBXBuildFile; fileRef = 6947E55329891C03009294D3 /* PassArrayvalueBySheetUITests.swift */; };
		6947E55629891C03009294D3 /* PassArrayvalueBySheetUITestsLaunchTests.swift in Sources */ = {isa = PBXBuildFile; fileRef = 6947E55529891C03009294D3 /* PassArrayvalueBySheetUITestsLaunchTests.swift */; };
		6947E56329891C34009294D3 /* ColorData.swift in Sources */ = {isa = PBXBuildFile; fileRef = 6947E56229891C34009294D3 /* ColorData.swift */; };
		6947E565298922FF009294D3 /* ColorEditView.swift in Sources */ = {isa = PBXBuildFile; fileRef = 6947E564298922FF009294D3 /* ColorEditView.swift */; };
/* End PBXBuildFile section */

/* Begin PBXContainerItemProxy section */
		6947E54629891C03009294D3 /* PBXContainerItemProxy */ = {
			isa = PBXContainerItemProxy;
			containerPortal = 6947E52D29891C00009294D3 /* Project object */;
			proxyType = 1;
			remoteGlobalIDString = 6947E53429891C00009294D3;
			remoteInfo = PassArrayvalueBySheet;
		};
		6947E55029891C03009294D3 /* PBXContainerItemProxy */ = {
			isa = PBXContainerItemProxy;
			containerPortal = 6947E52D29891C00009294D3 /* Project object */;
			proxyType = 1;
			remoteGlobalIDString = 6947E53429891C00009294D3;
			remoteInfo = PassArrayvalueBySheet;
		};
/* End PBXContainerItemProxy section */

/* Begin PBXFileReference section */
		6947E53529891C00009294D3 /* PassArrayvalueBySheet.app */ = {isa = PBXFileReference; explicitFileType = wrapper.application; includeInIndex = 0; path = PassArrayvalueBySheet.app; sourceTree = BUILT_PRODUCTS_DIR; };
		6947E53829891C00009294D3 /* PassArrayvalueBySheetApp.swift */ = {isa = PBXFileReference; lastKnownFileType = sourcecode.swift; path = PassArrayvalueBySheetApp.swift; sourceTree = "<group>"; };
		6947E53A29891C00009294D3 /* ContentView.swift */ = {isa = PBXFileReference; lastKnownFileType = sourcecode.swift; path = ContentView.swift; sourceTree = "<group>"; };
		6947E53C29891C03009294D3 /* Assets.xcassets */ = {isa = PBXFileReference; lastKnownFileType = folder.assetcatalog; path = Assets.xcassets; sourceTree = "<group>"; };
		6947E53F29891C03009294D3 /* Preview Assets.xcassets */ = {isa = PBXFileReference; lastKnownFileType = folder.assetcatalog; path = "Preview Assets.xcassets"; sourceTree = "<group>"; };
		6947E54529891C03009294D3 /* PassArrayvalueBySheetTests.xctest */ = {isa = PBXFileReference; explicitFileType = wrapper.cfbundle; includeInIndex = 0; path = PassArrayvalueBySheetTests.xctest; sourceTree = BUILT_PRODUCTS_DIR; };
		6947E54929891C03009294D3 /* PassArrayvalueBySheetTests.swift */ = {isa = PBXFileReference; lastKnownFileType = sourcecode.swift; path = PassArrayvalueBySheetTests.swift; sourceTree = "<group>"; };
		6947E54F29891C03009294D3 /* PassArrayvalueBySheetUITests.xctest */ = {isa = PBXFileReference; explicitFileType = wrapper.cfbundle; includeInIndex = 0; path = PassArrayvalueBySheetUITests.xctest; sourceTree = BUILT_PRODUCTS_DIR; };
		6947E55329891C03009294D3 /* PassArrayvalueBySheetUITests.swift */ = {isa = PBXFileReference; lastKnownFileType = sourcecode.swift; path = PassArrayvalueBySheetUITests.swift; sourceTree = "<group>"; };
		6947E55529891C03009294D3 /* PassArrayvalueBySheetUITestsLaunchTests.swift */ = {isa = PBXFileReference; lastKnownFileType = sourcecode.swift; path = PassArrayvalueBySheetUITestsLaunchTests.swift; sourceTree = "<group>"; };
		6947E56229891C34009294D3 /* ColorData.swift */ = {isa = PBXFileReference; lastKnownFileType = sourcecode.swift; path = ColorData.swift; sourceTree = "<group>"; };
		6947E564298922FF009294D3 /* ColorEditView.swift */ = {isa = PBXFileReference; lastKnownFileType = sourcecode.swift; path = ColorEditView.swift; sourceTree = "<group>"; };
		6947E56629892E2A009294D3 /* MyPlayground.playground */ = {isa = PBXFileReference; lastKnownFileType = file.playground; path = MyPlayground.playground; sourceTree = "<group>"; xcLanguageSpecificationIdentifier = xcode.lang.swift; };
/* End PBXFileReference section */

/* Begin PBXFrameworksBuildPhase section */
		6947E53229891C00009294D3 /* Frameworks */ = {
			isa = PBXFrameworksBuildPhase;
			buildActionMask = 2147483647;
			files = (
			);
			runOnlyForDeploymentPostprocessing = 0;
		};
		6947E54229891C03009294D3 /* Frameworks */ = {
			isa = PBXFrameworksBuildPhase;
			buildActionMask = 2147483647;
			files = (
			);
			runOnlyForDeploymentPostprocessing = 0;
		};
		6947E54C29891C03009294D3 /* Frameworks */ = {
			isa = PBXFrameworksBuildPhase;
			buildActionMask = 2147483647;
			files = (
			);
			runOnlyForDeploymentPostprocessing = 0;
		};
/* End PBXFrameworksBuildPhase section */

/* Begin PBXGroup section */
		6947E52C29891C00009294D3 = {
			isa = PBXGroup;
			children = (
				6947E53729891C00009294D3 /* PassArrayvalueBySheet */,
				6947E54829891C03009294D3 /* PassArrayvalueBySheetTests */,
				6947E55229891C03009294D3 /* PassArrayvalueBySheetUITests */,
				6947E53629891C00009294D3 /* Products */,
			);
			sourceTree = "<group>";
		};
		6947E53629891C00009294D3 /* Products */ = {
			isa = PBXGroup;
			children = (
				6947E53529891C00009294D3 /* PassArrayvalueBySheet.app */,
				6947E54529891C03009294D3 /* PassArrayvalueBySheetTests.xctest */,
				6947E54F29891C03009294D3 /* PassArrayvalueBySheetUITests.xctest */,
			);
			name = Products;
			sourceTree = "<group>";
		};
		6947E53729891C00009294D3 /* PassArrayvalueBySheet */ = {
			isa = PBXGroup;
			children = (
				6947E53829891C00009294D3 /* PassArrayvalueBySheetApp.swift */,
				6947E53A29891C00009294D3 /* ContentView.swift */,
				6947E564298922FF009294D3 /* ColorEditView.swift */,
				6947E56229891C34009294D3 /* ColorData.swift */,
				6947E56629892E2A009294D3 /* MyPlayground.playground */,
				6947E53C29891C03009294D3 /* Assets.xcassets */,
				6947E53E29891C03009294D3 /* Preview Content */,
			);
			path = PassArrayvalueBySheet;
			sourceTree = "<group>";
		};
		6947E53E29891C03009294D3 /* Preview Content */ = {
			isa = PBXGroup;
			children = (
				6947E53F29891C03009294D3 /* Preview Assets.xcassets */,
			);
			path = "Preview Content";
			sourceTree = "<group>";
		};
		6947E54829891C03009294D3 /* PassArrayvalueBySheetTests */ = {
			isa = PBXGroup;
			children = (
				6947E54929891C03009294D3 /* PassArrayvalueBySheetTests.swift */,
			);
			path = PassArrayvalueBySheetTests;
			sourceTree = "<group>";
		};
		6947E55229891C03009294D3 /* PassArrayvalueBySheetUITests */ = {
			isa = PBXGroup;
			children = (
				6947E55329891C03009294D3 /* PassArrayvalueBySheetUITests.swift */,
				6947E55529891C03009294D3 /* PassArrayvalueBySheetUITestsLaunchTests.swift */,
			);
			path = PassArrayvalueBySheetUITests;
			sourceTree = "<group>";
		};
/* End PBXGroup section */

/* Begin PBXNativeTarget section */
		6947E53429891C00009294D3 /* PassArrayvalueBySheet */ = {
			isa = PBXNativeTarget;
			buildConfigurationList = 6947E55929891C03009294D3 /* Build configuration list for PBXNativeTarget "PassArrayvalueBySheet" */;
			buildPhases = (
				6947E53129891C00009294D3 /* Sources */,
				6947E53229891C00009294D3 /* Frameworks */,
				6947E53329891C00009294D3 /* Resources */,
			);
			buildRules = (
			);
			dependencies = (
			);
			name = PassArrayvalueBySheet;
			productName = PassArrayvalueBySheet;
			productReference = 6947E53529891C00009294D3 /* PassArrayvalueBySheet.app */;
			productType = "com.apple.product-type.application";
		};
		6947E54429891C03009294D3 /* PassArrayvalueBySheetTests */ = {
			isa = PBXNativeTarget;
			buildConfigurationList = 6947E55C29891C03009294D3 /* Build configuration list for PBXNativeTarget "PassArrayvalueBySheetTests" */;
			buildPhases = (
				6947E54129891C03009294D3 /* Sources */,
				6947E54229891C03009294D3 /* Frameworks */,
				6947E54329891C03009294D3 /* Resources */,
			);
			buildRules = (
			);
			dependencies = (
				6947E54729891C03009294D3 /* PBXTargetDependency */,
			);
			name = PassArrayvalueBySheetTests;
			productName = PassArrayvalueBySheetTests;
			productReference = 6947E54529891C03009294D3 /* PassArrayvalueBySheetTests.xctest */;
			productType = "com.apple.product-type.bundle.unit-test";
		};
		6947E54E29891C03009294D3 /* PassArrayvalueBySheetUITests */ = {
			isa = PBXNativeTarget;
			buildConfigurationList = 6947E55F29891C03009294D3 /* Build configuration list for PBXNativeTarget "PassArrayvalueBySheetUITests" */;
			buildPhases = (
				6947E54B29891C03009294D3 /* Sources */,
				6947E54C29891C03009294D3 /* Frameworks */,
				6947E54D29891C03009294D3 /* Resources */,
			);
			buildRules = (
			);
			dependencies = (
				6947E55129891C03009294D3 /* PBXTargetDependency */,
			);
			name = PassArrayvalueBySheetUITests;
			productName = PassArrayvalueBySheetUITests;
			productReference = 6947E54F29891C03009294D3 /* PassArrayvalueBySheetUITests.xctest */;
			productType = "com.apple.product-type.bundle.ui-testing";
		};
/* End PBXNativeTarget section */

/* Begin PBXProject section */
		6947E52D29891C00009294D3 /* Project object */ = {
			isa = PBXProject;
			attributes = {
				BuildIndependentTargetsInParallel = 1;
				LastSwiftUpdateCheck = 1420;
				LastUpgradeCheck = 1420;
				TargetAttributes = {
					6947E53429891C00009294D3 = {
						CreatedOnToolsVersion = 14.2;
					};
					6947E54429891C03009294D3 = {
						CreatedOnToolsVersion = 14.2;
						TestTargetID = 6947E53429891C00009294D3;
					};
					6947E54E29891C03009294D3 = {
						CreatedOnToolsVersion = 14.2;
						TestTargetID = 6947E53429891C00009294D3;
					};
				};
			};
			buildConfigurationList = 6947E53029891C00009294D3 /* Build configuration list for PBXProject "PassArrayvalueBySheet" */;
			compatibilityVersion = "Xcode 14.0";
			developmentRegion = en;
			hasScannedForEncodings = 0;
			knownRegions = (
				en,
				Base,
			);
			mainGroup = 6947E52C29891C00009294D3;
			productRefGroup = 6947E53629891C00009294D3 /* Products */;
			projectDirPath = "";
			projectRoot = "";
			targets = (
				6947E53429891C00009294D3 /* PassArrayvalueBySheet */,
				6947E54429891C03009294D3 /* PassArrayvalueBySheetTests */,
				6947E54E29891C03009294D3 /* PassArrayvalueBySheetUITests */,
			);
		};
/* End PBXProject section */

/* Begin PBXResourcesBuildPhase section */
		6947E53329891C00009294D3 /* Resources */ = {
			isa = PBXResourcesBuildPhase;
			buildActionMask = 2147483647;
			files = (
				6947E54029891C03009294D3 /* Preview Assets.xcassets in Resources */,
				6947E53D29891C03009294D3 /* Assets.xcassets in Resources */,
			);
			runOnlyForDeploymentPostprocessing = 0;
		};
		6947E54329891C03009294D3 /* Resources */ = {
			isa = PBXResourcesBuildPhase;
			buildActionMask = 2147483647;
			files = (
			);
			runOnlyForDeploymentPostprocessing = 0;
		};
		6947E54D29891C03009294D3 /* Resources */ = {
			isa = PBXResourcesBuildPhase;
			buildActionMask = 2147483647;
			files = (
			);
			runOnlyForDeploymentPostprocessing = 0;
		};
/* End PBXResourcesBuildPhase section */

/* Begin PBXSourcesBuildPhase section */
		6947E53129891C00009294D3 /* Sources */ = {
			isa = PBXSourcesBuildPhase;
			buildActionMask = 2147483647;
			files = (
				6947E53B29891C00009294D3 /* ContentView.swift in Sources */,
				6947E53929891C00009294D3 /* PassArrayvalueBySheetApp.swift in Sources */,
				6947E565298922FF009294D3 /* ColorEditView.swift in Sources */,
				6947E56329891C34009294D3 /* ColorData.swift in Sources */,
			);
			runOnlyForDeploymentPostprocessing = 0;
		};
		6947E54129891C03009294D3 /* Sources */ = {
			isa = PBXSourcesBuildPhase;
			buildActionMask = 2147483647;
			files = (
				6947E54A29891C03009294D3 /* PassArrayvalueBySheetTests.swift in Sources */,
			);
			runOnlyForDeploymentPostprocessing = 0;
		};
		6947E54B29891C03009294D3 /* Sources */ = {
			isa = PBXSourcesBuildPhase;
			buildActionMask = 2147483647;
			files = (
				6947E55629891C03009294D3 /* PassArrayvalueBySheetUITestsLaunchTests.swift in Sources */,
				6947E55429891C03009294D3 /* PassArrayvalueBySheetUITests.swift in Sources */,
			);
			runOnlyForDeploymentPostprocessing = 0;
		};
/* End PBXSourcesBuildPhase section */

/* Begin PBXTargetDependency section */
		6947E54729891C03009294D3 /* PBXTargetDependency */ = {
			isa = PBXTargetDependency;
			target = 6947E53429891C00009294D3 /* PassArrayvalueBySheet */;
			targetProxy = 6947E54629891C03009294D3 /* PBXContainerItemProxy */;
		};
		6947E55129891C03009294D3 /* PBXTargetDependency */ = {
			isa = PBXTargetDependency;
			target = 6947E53429891C00009294D3 /* PassArrayvalueBySheet */;
			targetProxy = 6947E55029891C03009294D3 /* PBXContainerItemProxy */;
		};
/* End PBXTargetDependency section */

/* Begin XCBuildConfiguration section */
		6947E55729891C03009294D3 /* Debug */ = {
			isa = XCBuildConfiguration;
			buildSettings = {
				ALWAYS_SEARCH_USER_PATHS = NO;
				CLANG_ANALYZER_NONNULL = YES;
				CLANG_ANALYZER_NUMBER_OBJECT_CONVERSION = YES_AGGRESSIVE;
				CLANG_CXX_LANGUAGE_STANDARD = "gnu++20";
				CLANG_ENABLE_MODULES = YES;
				CLANG_ENABLE_OBJC_ARC = YES;
				CLANG_ENABLE_OBJC_WEAK = YES;
				CLANG_WARN_BLOCK_CAPTURE_AUTORELEASING = YES;
				CLANG_WARN_BOOL_CONVERSION = YES;
				CLANG_WARN_COMMA = YES;
				CLANG_WARN_CONSTANT_CONVERSION = YES;
				CLANG_WARN_DEPRECATED_OBJC_IMPLEMENTATIONS = YES;
				CLANG_WARN_DIRECT_OBJC_ISA_USAGE = YES_ERROR;
				CLANG_WARN_DOCUMENTATION_COMMENTS = YES;
				CLANG_WARN_EMPTY_BODY = YES;
				CLANG_WARN_ENUM_CONVERSION = YES;
				CLANG_WARN_INFINITE_RECURSION = YES;
				CLANG_WARN_INT_CONVERSION = YES;
				CLANG_WARN_NON_LITERAL_NULL_CONVERSION = YES;
				CLANG_WARN_OBJC_IMPLICIT_RETAIN_SELF = YES;
				CLANG_WARN_OBJC_LITERAL_CONVERSION = YES;
				CLANG_WARN_OBJC_ROOT_CLASS = YES_ERROR;
				CLANG_WARN_QUOTED_INCLUDE_IN_FRAMEWORK_HEADER = YES;
				CLANG_WARN_RANGE_LOOP_ANALYSIS = YES;
				CLANG_WARN_STRICT_PROTOTYPES = YES;
				CLANG_WARN_SUSPICIOUS_MOVE = YES;
				CLANG_WARN_UNGUARDED_AVAILABILITY = YES_AGGRESSIVE;
				CLANG_WARN_UNREACHABLE_CODE = YES;
				CLANG_WARN__DUPLICATE_METHOD_MATCH = YES;
				COPY_PHASE_STRIP = NO;
				DEBUG_INFORMATION_FORMAT = dwarf;
				ENABLE_STRICT_OBJC_MSGSEND = YES;
				ENABLE_TESTABILITY = YES;
				GCC_C_LANGUAGE_STANDARD = gnu11;
				GCC_DYNAMIC_NO_PIC = NO;
				GCC_NO_COMMON_BLOCKS = YES;
				GCC_OPTIMIZATION_LEVEL = 0;
				GCC_PREPROCESSOR_DEFINITIONS = (
					"DEBUG=1",
					"$(inherited)",
				);
				GCC_WARN_64_TO_32_BIT_CONVERSION = YES;
				GCC_WARN_ABOUT_RETURN_TYPE = YES_ERROR;
				GCC_WARN_UNDECLARED_SELECTOR = YES;
				GCC_WARN_UNINITIALIZED_AUTOS = YES_AGGRESSIVE;
				GCC_WARN_UNUSED_FUNCTION = YES;
				GCC_WARN_UNUSED_VARIABLE = YES;
				IPHONEOS_DEPLOYMENT_TARGET = 16.2;
				MTL_ENABLE_DEBUG_INFO = INCLUDE_SOURCE;
				MTL_FAST_MATH = YES;
				ONLY_ACTIVE_ARCH = YES;
				SDKROOT = iphoneos;
				SWIFT_ACTIVE_COMPILATION_CONDITIONS = DEBUG;
				SWIFT_OPTIMIZATION_LEVEL = "-Onone";
			};
			name = Debug;
		};
		6947E55829891C03009294D3 /* Release */ = {
			isa = XCBuildConfiguration;
			buildSettings = {
				ALWAYS_SEARCH_USER_PATHS = NO;
				CLANG_ANALYZER_NONNULL = YES;
				CLANG_ANALYZER_NUMBER_OBJECT_CONVERSION = YES_AGGRESSIVE;
				CLANG_CXX_LANGUAGE_STANDARD = "gnu++20";
				CLANG_ENABLE_MODULES = YES;
				CLANG_ENABLE_OBJC_ARC = YES;
				CLANG_ENABLE_OBJC_WEAK = YES;
				CLANG_WARN_BLOCK_CAPTURE_AUTORELEASING = YES;
				CLANG_WARN_BOOL_CONVERSION = YES;
				CLANG_WARN_COMMA = YES;
				CLANG_WARN_CONSTANT_CONVERSION = YES;
				CLANG_WARN_DEPRECATED_OBJC_IMPLEMENTATIONS = YES;
				CLANG_WARN_DIRECT_OBJC_ISA_USAGE = YES_ERROR;
				CLANG_WARN_DOCUMENTATION_COMMENTS = YES;
				CLANG_WARN_EMPTY_BODY = YES;
				CLANG_WARN_ENUM_CONVERSION = YES;
				CLANG_WARN_INFINITE_RECURSION = YES;
				CLANG_WARN_INT_CONVERSION = YES;
				CLANG_WARN_NON_LITERAL_NULL_CONVERSION = YES;
				CLANG_WARN_OBJC_IMPLICIT_RETAIN_SELF = YES;
				CLANG_WARN_OBJC_LITERAL_CONVERSION = YES;
				CLANG_WARN_OBJC_ROOT_CLASS = YES_ERROR;
				CLANG_WARN_QUOTED_INCLUDE_IN_FRAMEWORK_HEADER = YES;
				CLANG_WARN_RANGE_LOOP_ANALYSIS = YES;
				CLANG_WARN_STRICT_PROTOTYPES = YES;
				CLANG_WARN_SUSPICIOUS_MOVE = YES;
				CLANG_WARN_UNGUARDED_AVAILABILITY = YES_AGGRESSIVE;
				CLANG_WARN_UNREACHABLE_CODE = YES;
				CLANG_WARN__DUPLICATE_METHOD_MATCH = YES;
				COPY_PHASE_STRIP = NO;
				DEBUG_INFORMATION_FORMAT = "dwarf-with-dsym";
				ENABLE_NS_ASSERTIONS = NO;
				ENABLE_STRICT_OBJC_MSGSEND = YES;
				GCC_C_LANGUAGE_STANDARD = gnu11;
				GCC_NO_COMMON_BLOCKS = YES;
				GCC_WARN_64_TO_32_BIT_CONVERSION = YES;
				GCC_WARN_ABOUT_RETURN_TYPE = YES_ERROR;
				GCC_WARN_UNDECLARED_SELECTOR = YES;
				GCC_WARN_UNINITIALIZED_AUTOS = YES_AGGRESSIVE;
				GCC_WARN_UNUSED_FUNCTION = YES;
				GCC_WARN_UNUSED_VARIABLE = YES;
				IPHONEOS_DEPLOYMENT_TARGET = 16.2;
				MTL_ENABLE_DEBUG_INFO = NO;
				MTL_FAST_MATH = YES;
				SDKROOT = iphoneos;
				SWIFT_COMPILATION_MODE = wholemodule;
				SWIFT_OPTIMIZATION_LEVEL = "-O";
				VALIDATE_PRODUCT = YES;
			};
			name = Release;
		};
		6947E55A29891C03009294D3 /* Debug */ = {
			isa = XCBuildConfiguration;
			buildSettings = {
				ASSETCATALOG_COMPILER_APPICON_NAME = AppIcon;
				ASSETCATALOG_COMPILER_GLOBAL_ACCENT_COLOR_NAME = AccentColor;
				CODE_SIGN_STYLE = Automatic;
				CURRENT_PROJECT_VERSION = 1;
				DEVELOPMENT_ASSET_PATHS = "\"PassArrayvalueBySheet/Preview Content\"";
				ENABLE_PREVIEWS = YES;
				GENERATE_INFOPLIST_FILE = YES;
				INFOPLIST_KEY_UIApplicationSceneManifest_Generation = YES;
				INFOPLIST_KEY_UIApplicationSupportsIndirectInputEvents = YES;
				INFOPLIST_KEY_UILaunchScreen_Generation = YES;
				INFOPLIST_KEY_UISupportedInterfaceOrientations_iPad = "UIInterfaceOrientationPortrait UIInterfaceOrientationPortraitUpsideDown UIInterfaceOrientationLandscapeLeft UIInterfaceOrientationLandscapeRight";
				INFOPLIST_KEY_UISupportedInterfaceOrientations_iPhone = "UIInterfaceOrientationPortrait UIInterfaceOrientationLandscapeLeft UIInterfaceOrientationLandscapeRight";
				LD_RUNPATH_SEARCH_PATHS = (
					"$(inherited)",
					"@executable_path/Frameworks",
				);
				MARKETING_VERSION = 1.0;
				PRODUCT_BUNDLE_IDENTIFIER = com.sako.PassArrayvalueBySheet;
				PRODUCT_NAME = "$(TARGET_NAME)";
				SWIFT_EMIT_LOC_STRINGS = YES;
				SWIFT_VERSION = 5.0;
				TARGETED_DEVICE_FAMILY = "1,2";
			};
			name = Debug;
		};
		6947E55B29891C03009294D3 /* Release */ = {
			isa = XCBuildConfiguration;
			buildSettings = {
				ASSETCATALOG_COMPILER_APPICON_NAME = AppIcon;
				ASSETCATALOG_COMPILER_GLOBAL_ACCENT_COLOR_NAME = AccentColor;
				CODE_SIGN_STYLE = Automatic;
				CURRENT_PROJECT_VERSION = 1;
				DEVELOPMENT_ASSET_PATHS = "\"PassArrayvalueBySheet/Preview Content\"";
				ENABLE_PREVIEWS = YES;
				GENERATE_INFOPLIST_FILE = YES;
				INFOPLIST_KEY_UIApplicationSceneManifest_Generation = YES;
				INFOPLIST_KEY_UIApplicationSupportsIndirectInputEvents = YES;
				INFOPLIST_KEY_UILaunchScreen_Generation = YES;
				INFOPLIST_KEY_UISupportedInterfaceOrientations_iPad = "UIInterfaceOrientationPortrait UIInterfaceOrientationPortraitUpsideDown UIInterfaceOrientationLandscapeLeft UIInterfaceOrientationLandscapeRight";
				INFOPLIST_KEY_UISupportedInterfaceOrientations_iPhone = "UIInterfaceOrientationPortrait UIInterfaceOrientationLandscapeLeft UIInterfaceOrientationLandscapeRight";
				LD_RUNPATH_SEARCH_PATHS = (
					"$(inherited)",
					"@executable_path/Frameworks",
				);
				MARKETING_VERSION = 1.0;
				PRODUCT_BUNDLE_IDENTIFIER = com.sako.PassArrayvalueBySheet;
				PRODUCT_NAME = "$(TARGET_NAME)";
				SWIFT_EMIT_LOC_STRINGS = YES;
				SWIFT_VERSION = 5.0;
				TARGETED_DEVICE_FAMILY = "1,2";
			};
			name = Release;
		};
		6947E55D29891C03009294D3 /* Debug */ = {
			isa = XCBuildConfiguration;
			buildSettings = {
				ALWAYS_EMBED_SWIFT_STANDARD_LIBRARIES = YES;
				BUNDLE_LOADER = "$(TEST_HOST)";
				CODE_SIGN_STYLE = Automatic;
				CURRENT_PROJECT_VERSION = 1;
				GENERATE_INFOPLIST_FILE = YES;
				IPHONEOS_DEPLOYMENT_TARGET = 16.2;
				MARKETING_VERSION = 1.0;
				PRODUCT_BUNDLE_IDENTIFIER = com.sako.PassArrayvalueBySheetTests;
				PRODUCT_NAME = "$(TARGET_NAME)";
				SWIFT_EMIT_LOC_STRINGS = NO;
				SWIFT_VERSION = 5.0;
				TARGETED_DEVICE_FAMILY = "1,2";
				TEST_HOST = "$(BUILT_PRODUCTS_DIR)/PassArrayvalueBySheet.app/$(BUNDLE_EXECUTABLE_FOLDER_PATH)/PassArrayvalueBySheet";
			};
			name = Debug;
		};
		6947E55E29891C03009294D3 /* Release */ = {
			isa = XCBuildConfiguration;
			buildSettings = {
				ALWAYS_EMBED_SWIFT_STANDARD_LIBRARIES = YES;
				BUNDLE_LOADER = "$(TEST_HOST)";
				CODE_SIGN_STYLE = Automatic;
				CURRENT_PROJECT_VERSION = 1;
				GENERATE_INFOPLIST_FILE = YES;
				IPHONEOS_DEPLOYMENT_TARGET = 16.2;
				MARKETING_VERSION = 1.0;
				PRODUCT_BUNDLE_IDENTIFIER = com.sako.PassArrayvalueBySheetTests;
				PRODUCT_NAME = "$(TARGET_NAME)";
				SWIFT_EMIT_LOC_STRINGS = NO;
				SWIFT_VERSION = 5.0;
				TARGETED_DEVICE_FAMILY = "1,2";
				TEST_HOST = "$(BUILT_PRODUCTS_DIR)/PassArrayvalueBySheet.app/$(BUNDLE_EXECUTABLE_FOLDER_PATH)/PassArrayvalueBySheet";
			};
			name = Release;
		};
		6947E56029891C03009294D3 /* Debug */ = {
			isa = XCBuildConfiguration;
			buildSettings = {
				ALWAYS_EMBED_SWIFT_STANDARD_LIBRARIES = YES;
				CODE_SIGN_STYLE = Automatic;
				CURRENT_PROJECT_VERSION = 1;
				GENERATE_INFOPLIST_FILE = YES;
				MARKETING_VERSION = 1.0;
				PRODUCT_BUNDLE_IDENTIFIER = com.sako.PassArrayvalueBySheetUITests;
				PRODUCT_NAME = "$(TARGET_NAME)";
				SWIFT_EMIT_LOC_STRINGS = NO;
				SWIFT_VERSION = 5.0;
				TARGETED_DEVICE_FAMILY = "1,2";
				TEST_TARGET_NAME = PassArrayvalueBySheet;
			};
			name = Debug;
		};
		6947E56129891C03009294D3 /* Release */ = {
			isa = XCBuildConfiguration;
			buildSettings = {
				ALWAYS_EMBED_SWIFT_STANDARD_LIBRARIES = YES;
				CODE_SIGN_STYLE = Automatic;
				CURRENT_PROJECT_VERSION = 1;
				GENERATE_INFOPLIST_FILE = YES;
				MARKETING_VERSION = 1.0;
				PRODUCT_BUNDLE_IDENTIFIER = com.sako.PassArrayvalueBySheetUITests;
				PRODUCT_NAME = "$(TARGET_NAME)";
				SWIFT_EMIT_LOC_STRINGS = NO;
				SWIFT_VERSION = 5.0;
				TARGETED_DEVICE_FAMILY = "1,2";
				TEST_TARGET_NAME = PassArrayvalueBySheet;
			};
			name = Release;
		};
/* End XCBuildConfiguration section */

/* Begin XCConfigurationList section */
		6947E53029891C00009294D3 /* Build configuration list for PBXProject "PassArrayvalueBySheet" */ = {
			isa = XCConfigurationList;
			buildConfigurations = (
				6947E55729891C03009294D3 /* Debug */,
				6947E55829891C03009294D3 /* Release */,
			);
			defaultConfigurationIsVisible = 0;
			defaultConfigurationName = Release;
		};
		6947E55929891C03009294D3 /* Build configuration list for PBXNativeTarget "PassArrayvalueBySheet" */ = {
			isa = XCConfigurationList;
			buildConfigurations = (
				6947E55A29891C03009294D3 /* Debug */,
				6947E55B29891C03009294D3 /* Release */,
			);
			defaultConfigurationIsVisible = 0;
			defaultConfigurationName = Release;
		};
		6947E55C29891C03009294D3 /* Build configuration list for PBXNativeTarget "PassArrayvalueBySheetTests" */ = {
			isa = XCConfigurationList;
			buildConfigurations = (
				6947E55D29891C03009294D3 /* Debug */,
				6947E55E29891C03009294D3 /* Release */,
			);
			defaultConfigurationIsVisible = 0;
			defaultConfigurationName = Release;
		};
		6947E55F29891C03009294D3 /* Build configuration list for PBXNativeTarget "PassArrayvalueBySheetUITests" */ = {
			isa = XCConfigurationList;
			buildConfigurations = (
				6947E56029891C03009294D3 /* Debug */,
				6947E56129891C03009294D3 /* Release */,
			);
			defaultConfigurationIsVisible = 0;
			defaultConfigurationName = Release;
		};
/* End XCConfigurationList section */
	};
	rootObject = 6947E52D29891C00009294D3 /* Project object */;
}
